
Microsoft Visual Studio Solution File, Format Version 12.00
# Visual Studio Version 16
VisualStudioVersion = 16.0.30503.244
MinimumVisualStudioVersion = 10.0.40219.1
Project("{2150E333-8FDC-42A3-9474-1A3956D46DE8}") = "Nuget Packages", "Nuget Packages", "{195BAA27-D88D-48E3-97B5-5BD78CF432E6}"
	ProjectSection(SolutionItems) = preProject
		_NuGet\Dyndle.Modules.ComplexTables\Dyndle.Modules.ComplexTables.nuspec = _NuGet\Dyndle.Modules.ComplexTables\Dyndle.Modules.ComplexTables.nuspec
		_NuGet\Dyndle.Modules.Core\Dyndle.Modules.Core.nuspec = _NuGet\Dyndle.Modules.Core\Dyndle.Modules.Core.nuspec
		_NuGet\Dyndle.Modules.Email\Dyndle.Modules.Email.nuspec = _NuGet\Dyndle.Modules.Email\Dyndle.Modules.Email.nuspec
		_NuGet\Dyndle.Modules.Feedback\Dyndle.Modules.Feedback.nuspec = _NuGet\Dyndle.Modules.Feedback\Dyndle.Modules.Feedback.nuspec
		_NuGet\Dyndle.Modules.ImageEnhancement\Dyndle.Modules.ImageEnhancement.nuspec = _NuGet\Dyndle.Modules.ImageEnhancement\Dyndle.Modules.ImageEnhancement.nuspec
		_NuGet\Dyndle.Modules.Management\Dyndle.Modules.Management.nuspec = _NuGet\Dyndle.Modules.Management\Dyndle.Modules.Management.nuspec
		_NuGet\Dyndle.Modules.Navigation\Dyndle.Modules.Navigation.nuspec = _NuGet\Dyndle.Modules.Navigation\Dyndle.Modules.Navigation.nuspec
		_NuGet\Dyndle.Modules.Personalization\Dyndle.Modules.Personalization.nuspec = _NuGet\Dyndle.Modules.Personalization\Dyndle.Modules.Personalization.nuspec
		_NuGet\Dyndle.Modules.Search\Dyndle.Modules.Search.nuspec = _NuGet\Dyndle.Modules.Search\Dyndle.Modules.Search.nuspec
		_NuGet\Dyndle.Providers.SDLWeb8\Dyndle.Providers.SDLWeb8.nuspec = _NuGet\Dyndle.Providers.SDLWeb8\Dyndle.Providers.SDLWeb8.nuspec
		_NuGet\Dyndle.Quickstart.Web\Dyndle.Quickstart.Web.nuspec = _NuGet\Dyndle.Quickstart.Web\Dyndle.Quickstart.Web.nuspec
		_NuGet\Nuget.Proj = _NuGet\Nuget.Proj
		_tools\NuGet.targets = _tools\NuGet.targets
	EndProjectSection
EndProject
Project("{FAE04EC0-301F-11D3-BF4B-00C04F79EFBC}") = "Dyndle.Modules.ImageEnhancement", "Dyndle.Modules.ImageEnhancement\Dyndle.Modules.ImageEnhancement.csproj", "{2C44C228-0205-497A-83CA-B76B152A2018}"
EndProject
Project("{FAE04EC0-301F-11D3-BF4B-00C04F79EFBC}") = "Dyndle.Modules.Navigation", "Dyndle.Modules.Navigation\Dyndle.Modules.Navigation.csproj", "{87E45C2B-1942-46EF-871D-C96CCEDDC052}"
EndProject
Project("{FAE04EC0-301F-11D3-BF4B-00C04F79EFBC}") = "Dyndle.Modules.Search", "Dyndle.Modules.Search\Dyndle.Modules.Search.csproj", "{E3D50A23-64C2-42C6-9EA6-A6B48D20C2F4}"
EndProject
Project("{FAE04EC0-301F-11D3-BF4B-00C04F79EFBC}") = "Dyndle.Modules.Core", "Dyndle.Modules.Core\Dyndle.Modules.Core.csproj", "{FEDD3081-1BA3-45B6-9AD3-9F19F90EEA15}"
EndProject
Project("{FAE04EC0-301F-11D3-BF4B-00C04F79EFBC}") = "Dyndle.Modules.Management", "Dyndle.Modules.Management\Dyndle.Modules.Management.csproj", "{307263FD-8FE0-438F-89FE-8B3D5A5E64A9}"
EndProject
Project("{FAE04EC0-301F-11D3-BF4B-00C04F79EFBC}") = "Dyndle.Providers.Tridion9.5", "Dyndle.Providers.Tridion9.5\Dyndle.Providers.Tridion9.5.csproj", "{F6C48D79-422A-4366-8625-D6D31B7237B9}"
EndProject
Project("{FAE04EC0-301F-11D3-BF4B-00C04F79EFBC}") = "Dyndle.Providers.Tridion91", "Dyndle.Providers.Tridion91\Dyndle.Providers.Tridion91.csproj", "{99B6571E-65DD-4C76-B4C9-86B34E76FBD8}"
EndProject
Project("{FAE04EC0-301F-11D3-BF4B-00C04F79EFBC}") = "Dyndle.Providers.SDLWeb8", "Dyndle.Providers.SDLWeb8\Dyndle.Providers.SDLWeb8.csproj", "{5111AC44-73A2-4D46-8F05-5A0C0A632CED}"
EndProject
Project("{FAE04EC0-301F-11D3-BF4B-00C04F79EFBC}") = "Dyndle.Quickstart.Web", "Dyndle.Quickstart.Web\Dyndle.Quickstart.Web.csproj", "{1BB95D95-DC20-4129-95C4-6DF6B2D327AF}"
EndProject
Global
	GlobalSection(SolutionConfigurationPlatforms) = preSolution
		Debug|Any CPU = Debug|Any CPU
		Package|Any CPU = Package|Any CPU
		Release|Any CPU = Release|Any CPU
	EndGlobalSection
	GlobalSection(ProjectConfigurationPlatforms) = postSolution
		{2C44C228-0205-497A-83CA-B76B152A2018}.Debug|Any CPU.ActiveCfg = Debug|Any CPU
		{2C44C228-0205-497A-83CA-B76B152A2018}.Debug|Any CPU.Build.0 = Debug|Any CPU
		{2C44C228-0205-497A-83CA-B76B152A2018}.Package|Any CPU.ActiveCfg = Package|Any CPU
		{2C44C228-0205-497A-83CA-B76B152A2018}.Package|Any CPU.Build.0 = Package|Any CPU
		{2C44C228-0205-497A-83CA-B76B152A2018}.Release|Any CPU.ActiveCfg = Release|Any CPU
		{2C44C228-0205-497A-83CA-B76B152A2018}.Release|Any CPU.Build.0 = Release|Any CPU
		{87E45C2B-1942-46EF-871D-C96CCEDDC052}.Debug|Any CPU.ActiveCfg = Debug|Any CPU
		{87E45C2B-1942-46EF-871D-C96CCEDDC052}.Debug|Any CPU.Build.0 = Debug|Any CPU
		{87E45C2B-1942-46EF-871D-C96CCEDDC052}.Package|Any CPU.ActiveCfg = Package|Any CPU
		{87E45C2B-1942-46EF-871D-C96CCEDDC052}.Package|Any CPU.Build.0 = Package|Any CPU
		{87E45C2B-1942-46EF-871D-C96CCEDDC052}.Release|Any CPU.ActiveCfg = Release|Any CPU
		{87E45C2B-1942-46EF-871D-C96CCEDDC052}.Release|Any CPU.Build.0 = Release|Any CPU
		{E3D50A23-64C2-42C6-9EA6-A6B48D20C2F4}.Debug|Any CPU.ActiveCfg = Debug|Any CPU
		{E3D50A23-64C2-42C6-9EA6-A6B48D20C2F4}.Debug|Any CPU.Build.0 = Debug|Any CPU
		{E3D50A23-64C2-42C6-9EA6-A6B48D20C2F4}.Package|Any CPU.ActiveCfg = Package|Any CPU
		{E3D50A23-64C2-42C6-9EA6-A6B48D20C2F4}.Package|Any CPU.Build.0 = Package|Any CPU
		{E3D50A23-64C2-42C6-9EA6-A6B48D20C2F4}.Release|Any CPU.ActiveCfg = Release|Any CPU
		{E3D50A23-64C2-42C6-9EA6-A6B48D20C2F4}.Release|Any CPU.Build.0 = Release|Any CPU
		{FEDD3081-1BA3-45B6-9AD3-9F19F90EEA15}.Debug|Any CPU.ActiveCfg = Debug|Any CPU
		{FEDD3081-1BA3-45B6-9AD3-9F19F90EEA15}.Debug|Any CPU.Build.0 = Debug|Any CPU
		{FEDD3081-1BA3-45B6-9AD3-9F19F90EEA15}.Package|Any CPU.ActiveCfg = Package|Any CPU
		{FEDD3081-1BA3-45B6-9AD3-9F19F90EEA15}.Package|Any CPU.Build.0 = Package|Any CPU
		{FEDD3081-1BA3-45B6-9AD3-9F19F90EEA15}.Release|Any CPU.ActiveCfg = Release|Any CPU
		{FEDD3081-1BA3-45B6-9AD3-9F19F90EEA15}.Release|Any CPU.Build.0 = Release|Any CPU
		{307263FD-8FE0-438F-89FE-8B3D5A5E64A9}.Debug|Any CPU.ActiveCfg = Debug|Any CPU
		{307263FD-8FE0-438F-89FE-8B3D5A5E64A9}.Debug|Any CPU.Build.0 = Debug|Any CPU
		{307263FD-8FE0-438F-89FE-8B3D5A5E64A9}.Package|Any CPU.ActiveCfg = Package|Any CPU
		{307263FD-8FE0-438F-89FE-8B3D5A5E64A9}.Package|Any CPU.Build.0 = Package|Any CPU
		{307263FD-8FE0-438F-89FE-8B3D5A5E64A9}.Release|Any CPU.ActiveCfg = Release|Any CPU
		{307263FD-8FE0-438F-89FE-8B3D5A5E64A9}.Release|Any CPU.Build.0 = Release|Any CPU
		{99B6571E-65DD-4C76-B4C9-86B34E76FBD8}.Debug|Any CPU.ActiveCfg = Debug|Any CPU
		{99B6571E-65DD-4C76-B4C9-86B34E76FBD8}.Debug|Any CPU.Build.0 = Debug|Any CPU
		{99B6571E-65DD-4C76-B4C9-86B34E76FBD8}.Package|Any CPU.ActiveCfg = Package|Any CPU
		{99B6571E-65DD-4C76-B4C9-86B34E76FBD8}.Package|Any CPU.Build.0 = Package|Any CPU
		{99B6571E-65DD-4C76-B4C9-86B34E76FBD8}.Release|Any CPU.ActiveCfg = Release|Any CPU
		{99B6571E-65DD-4C76-B4C9-86B34E76FBD8}.Release|Any CPU.Build.0 = Release|Any CPU
		{899CC432-25D8-4D65-9D98-95D109300127}.Debug|Any CPU.ActiveCfg = Debug|Any CPU
		{899CC432-25D8-4D65-9D98-95D109300127}.Debug|Any CPU.Build.0 = Debug|Any CPU
		{899CC432-25D8-4D65-9D98-95D109300127}.Package|Any CPU.ActiveCfg = Release|Any CPU
		{899CC432-25D8-4D65-9D98-95D109300127}.Package|Any CPU.Build.0 = Release|Any CPU
		{899CC432-25D8-4D65-9D98-95D109300127}.Release|Any CPU.ActiveCfg = Release|Any CPU
		{899CC432-25D8-4D65-9D98-95D109300127}.Release|Any CPU.Build.0 = Release|Any CPU
		{003C6126-7BD3-436D-9C72-3D6325D97019}.Debug|Any CPU.ActiveCfg = Debug|Any CPU
		{003C6126-7BD3-436D-9C72-3D6325D97019}.Debug|Any CPU.Build.0 = Debug|Any CPU
		{003C6126-7BD3-436D-9C72-3D6325D97019}.Package|Any CPU.ActiveCfg = Release|Any CPU
		{003C6126-7BD3-436D-9C72-3D6325D97019}.Package|Any CPU.Build.0 = Release|Any CPU
		{003C6126-7BD3-436D-9C72-3D6325D97019}.Release|Any CPU.ActiveCfg = Release|Any CPU
		{003C6126-7BD3-436D-9C72-3D6325D97019}.Release|Any CPU.Build.0 = Release|Any CPU
		{1BB95D95-DC20-4129-95C4-6DF6B2D327AF}.Debug|Any CPU.ActiveCfg = Debug|Any CPU
		{1BB95D95-DC20-4129-95C4-6DF6B2D327AF}.Debug|Any CPU.Build.0 = Debug|Any CPU
		{1BB95D95-DC20-4129-95C4-6DF6B2D327AF}.Package|Any CPU.ActiveCfg = Package|Any CPU
		{1BB95D95-DC20-4129-95C4-6DF6B2D327AF}.Package|Any CPU.Build.0 = Package|Any CPU
		{1BB95D95-DC20-4129-95C4-6DF6B2D327AF}.Release|Any CPU.ActiveCfg = Release|Any CPU
		{1BB95D95-DC20-4129-95C4-6DF6B2D327AF}.Release|Any CPU.Build.0 = Release|Any CPU
		{F6C48D79-422A-4366-8625-D6D31B7237B9}.Debug|Any CPU.ActiveCfg = Debug|Any CPU
		{F6C48D79-422A-4366-8625-D6D31B7237B9}.Debug|Any CPU.Build.0 = Debug|Any CPU
		{F6C48D79-422A-4366-8625-D6D31B7237B9}.Package|Any CPU.ActiveCfg = Package|Any CPU
		{F6C48D79-422A-4366-8625-D6D31B7237B9}.Package|Any CPU.Build.0 = Package|Any CPU
		{F6C48D79-422A-4366-8625-D6D31B7237B9}.Release|Any CPU.ActiveCfg = Release|Any CPU
		{F6C48D79-422A-4366-8625-D6D31B7237B9}.Release|Any CPU.Build.0 = Release|Any CPU
	EndGlobalSection
	GlobalSection(SolutionProperties) = preSolution
		HideSolutionNode = FALSE
	EndGlobalSection
	GlobalSection(ExtensibilityGlobals) = postSolution
		SolutionGuid = {4843DD94-3470-460A-8585-A67F64110EE5}
		EnterpriseLibraryConfigurationToolBinariesPathV6 = packages\EnterpriseLibrary.Common.6.0.1304.0\lib\NET45;packages\EnterpriseLibrary.Logging.6.0.1304.0\lib\NET45;packages\EnterpriseLibrary.Data.6.0.1304.0\lib\NET45;packages\EnterpriseLibrary.ExceptionHandling.6.0.1304.0\lib\NET45
	EndGlobalSection
EndGlobal
