
Microsoft Visual Studio Solution File, Format Version 12.00
# Visual Studio 15
VisualStudioVersion = 15.0.28307.705
MinimumVisualStudioVersion = 10.0.40219.1
Project("{2150E333-8FDC-42A3-9474-1A3956D46DE8}") = "Nuget Packages", "Nuget Packages", "{195BAA27-D88D-48E3-97B5-5BD78CF432E6}"
	ProjectSection(SolutionItems) = preProject
		_NuGet\DD4T.DI.SimpleInjector\DD4T.DI.SimpleInjector.nuspec = _NuGet\DD4T.DI.SimpleInjector\DD4T.DI.SimpleInjector.nuspec
		_NuGet\DD4T.Logging.SerilogSeq\DD4T.Logging.SerilogSeq.nuspec = _NuGet\DD4T.Logging.SerilogSeq\DD4T.Logging.SerilogSeq.nuspec
		_NuGet\Nuget.Proj = _NuGet\Nuget.Proj
		_tools\NuGet.targets = _tools\NuGet.targets
		_NuGet\Trivident.Modules.ComplexTables\Trivident.Modules.ComplexTables.nuspec = _NuGet\Trivident.Modules.ComplexTables\Trivident.Modules.ComplexTables.nuspec
		_NuGet\Trivident.Modules.Core\Trivident.Modules.Core.nuspec = _NuGet\Trivident.Modules.Core\Trivident.Modules.Core.nuspec
		_NuGet\Trivident.Modules.Email\Trivident.Modules.Email.nuspec = _NuGet\Trivident.Modules.Email\Trivident.Modules.Email.nuspec
		_NuGet\Trivident.Modules.Feedback\Trivident.Modules.Feedback.nuspec = _NuGet\Trivident.Modules.Feedback\Trivident.Modules.Feedback.nuspec
		_NuGet\Trivident.Modules.ImageEnhancement\Trivident.Modules.ImageEnhancement.nuspec = _NuGet\Trivident.Modules.ImageEnhancement\Trivident.Modules.ImageEnhancement.nuspec
		_NuGet\Trivident.Modules.Management\Trivident.Modules.Management.nuspec = _NuGet\Trivident.Modules.Management\Trivident.Modules.Management.nuspec
		_NuGet\Trivident.Modules.Navigation\Trivident.Modules.Navigation.nuspec = _NuGet\Trivident.Modules.Navigation\Trivident.Modules.Navigation.nuspec
		_NuGet\Trivident.Modules.Personalization\Trivident.Modules.Personalization.nuspec = _NuGet\Trivident.Modules.Personalization\Trivident.Modules.Personalization.nuspec
		_NuGet\Trivident.Modules.SDLWeb8\Trivident.Modules.SDLWeb8.nuspec = _NuGet\Trivident.Modules.SDLWeb8\Trivident.Modules.SDLWeb8.nuspec
		_NuGet\Trivident.Modules.Search\Trivident.Modules.Search.nuspec = _NuGet\Trivident.Modules.Search\Trivident.Modules.Search.nuspec
	EndProjectSection
EndProject
Project("{FAE04EC0-301F-11D3-BF4B-00C04F79EFBC}") = "Trivident.Modules.ImageEnhancement", "Trivident.Modules.ImageEnhancement\Trivident.Modules.ImageEnhancement.csproj", "{2C44C228-0205-497A-83CA-B76B152A2018}"
EndProject
Project("{FAE04EC0-301F-11D3-BF4B-00C04F79EFBC}") = "Trivident.Modules.Navigation", "Trivident.Modules.Navigation\Trivident.Modules.Navigation.csproj", "{87E45C2B-1942-46EF-871D-C96CCEDDC052}"
EndProject
Project("{FAE04EC0-301F-11D3-BF4B-00C04F79EFBC}") = "Trivident.Modules.Search", "Trivident.Modules.Search\Trivident.Modules.Search.csproj", "{E3D50A23-64C2-42C6-9EA6-A6B48D20C2F4}"
EndProject
Project("{FAE04EC0-301F-11D3-BF4B-00C04F79EFBC}") = "Trivident.Modules.Email", "Trivident.Modules.Email\Trivident.Modules.Email.csproj", "{60D14929-E5A7-4E04-88E7-A84A9CC3B48F}"
EndProject
Project("{FAE04EC0-301F-11D3-BF4B-00C04F79EFBC}") = "Trivident.Modules.Core", "Trivident.Modules.Core\Trivident.Modules.Core.csproj", "{FEDD3081-1BA3-45B6-9AD3-9F19F90EEA15}"
EndProject
Project("{FAE04EC0-301F-11D3-BF4B-00C04F79EFBC}") = "Trivident.Modules.Personalization", "Trivident.Modules.Personalization\Trivident.Modules.Personalization.csproj", "{01FA4E6E-158B-4660-B87E-CC374091D0B5}"
EndProject
Project("{FAE04EC0-301F-11D3-BF4B-00C04F79EFBC}") = "Trivident.Modules.Feedback", "Trivident.Modules.Feedback\Trivident.Modules.Feedback.csproj", "{13C067E5-0AFF-48FD-B93D-999712BF4E10}"
EndProject
Project("{FAE04EC0-301F-11D3-BF4B-00C04F79EFBC}") = "Trivident.Modules.ComplexTables", "Trivident.Modules.ComplexTables\Trivident.Modules.ComplexTables.csproj", "{C050676D-A2FF-4700-BDFF-F21413C51E5D}"
EndProject
Project("{FAE04EC0-301F-11D3-BF4B-00C04F79EFBC}") = "Trivident.Modules.Management", "Trivident.Modules.Management\Trivident.Modules.Management.csproj", "{307263FD-8FE0-438F-89FE-8B3D5A5E64A9}"
EndProject
Project("{FAE04EC0-301F-11D3-BF4B-00C04F79EFBC}") = "Trivident.Modules.Tridion9", "Trivident.Modules.Tridion9\Trivident.Modules.Tridion9.csproj", "{99B6571E-65DD-4C76-B4C9-86B34E76FBD8}"
EndProject
Project("{FAE04EC0-301F-11D3-BF4B-00C04F79EFBC}") = "Trivident.Modules.SDLWeb85", "Trivident.Modules.SDLWeb85\Trivident.Modules.SDLWeb85.csproj", "{5372DBE2-D735-4936-8AF2-0E38AE889ADF}"
EndProject
Project("{FAE04EC0-301F-11D3-BF4B-00C04F79EFBC}") = "Trivident.Modules.SDLWeb8", "Trivident.Modules.SDLWeb8\Trivident.Modules.SDLWeb8.csproj", "{5111AC44-73A2-4D46-8F05-5A0C0A632CED}"
EndProject
Project("{FAE04EC0-301F-11D3-BF4B-00C04F79EFBC}") = "Tridion.TestProviders", "Tridion.TestProviders\Tridion.TestProviders.csproj", "{899CC432-25D8-4D65-9D98-95D109300127}"
EndProject
Project("{FAE04EC0-301F-11D3-BF4B-00C04F79EFBC}") = "Trivident.Modules.Test", "Trivident.Modules.Core.Test\Trivident.Modules.Test.csproj", "{003C6126-7BD3-436D-9C72-3D6325D97019}"
EndProject
Global
	GlobalSection(SolutionConfigurationPlatforms) = preSolution
		Debug|Any CPU = Debug|Any CPU
		Package|Any CPU = Package|Any CPU
		Release|Any CPU = Release|Any CPU
	EndGlobalSection
	GlobalSection(ProjectConfigurationPlatforms) = postSolution
		{2C44C228-0205-497A-83CA-B76B152A2018}.Debug|Any CPU.ActiveCfg = Debug|Any CPU
		{2C44C228-0205-497A-83CA-B76B152A2018}.Debug|Any CPU.Build.0 = Debug|Any CPU
		{2C44C228-0205-497A-83CA-B76B152A2018}.Package|Any CPU.ActiveCfg = Package|Any CPU
		{2C44C228-0205-497A-83CA-B76B152A2018}.Package|Any CPU.Build.0 = Package|Any CPU
		{2C44C228-0205-497A-83CA-B76B152A2018}.Release|Any CPU.ActiveCfg = Release|Any CPU
		{2C44C228-0205-497A-83CA-B76B152A2018}.Release|Any CPU.Build.0 = Release|Any CPU
		{87E45C2B-1942-46EF-871D-C96CCEDDC052}.Debug|Any CPU.ActiveCfg = Debug|Any CPU
		{87E45C2B-1942-46EF-871D-C96CCEDDC052}.Debug|Any CPU.Build.0 = Debug|Any CPU
		{87E45C2B-1942-46EF-871D-C96CCEDDC052}.Package|Any CPU.ActiveCfg = Package|Any CPU
		{87E45C2B-1942-46EF-871D-C96CCEDDC052}.Package|Any CPU.Build.0 = Package|Any CPU
		{87E45C2B-1942-46EF-871D-C96CCEDDC052}.Release|Any CPU.ActiveCfg = Release|Any CPU
		{87E45C2B-1942-46EF-871D-C96CCEDDC052}.Release|Any CPU.Build.0 = Release|Any CPU
		{E3D50A23-64C2-42C6-9EA6-A6B48D20C2F4}.Debug|Any CPU.ActiveCfg = Debug|Any CPU
		{E3D50A23-64C2-42C6-9EA6-A6B48D20C2F4}.Debug|Any CPU.Build.0 = Debug|Any CPU
		{E3D50A23-64C2-42C6-9EA6-A6B48D20C2F4}.Package|Any CPU.ActiveCfg = Package|Any CPU
		{E3D50A23-64C2-42C6-9EA6-A6B48D20C2F4}.Package|Any CPU.Build.0 = Package|Any CPU
		{E3D50A23-64C2-42C6-9EA6-A6B48D20C2F4}.Release|Any CPU.ActiveCfg = Release|Any CPU
		{E3D50A23-64C2-42C6-9EA6-A6B48D20C2F4}.Release|Any CPU.Build.0 = Release|Any CPU
		{60D14929-E5A7-4E04-88E7-A84A9CC3B48F}.Debug|Any CPU.ActiveCfg = Debug|Any CPU
		{60D14929-E5A7-4E04-88E7-A84A9CC3B48F}.Debug|Any CPU.Build.0 = Debug|Any CPU
		{60D14929-E5A7-4E04-88E7-A84A9CC3B48F}.Package|Any CPU.ActiveCfg = Package|Any CPU
		{60D14929-E5A7-4E04-88E7-A84A9CC3B48F}.Package|Any CPU.Build.0 = Package|Any CPU
		{60D14929-E5A7-4E04-88E7-A84A9CC3B48F}.Release|Any CPU.ActiveCfg = Release|Any CPU
		{60D14929-E5A7-4E04-88E7-A84A9CC3B48F}.Release|Any CPU.Build.0 = Release|Any CPU
		{FEDD3081-1BA3-45B6-9AD3-9F19F90EEA15}.Debug|Any CPU.ActiveCfg = Debug|Any CPU
		{FEDD3081-1BA3-45B6-9AD3-9F19F90EEA15}.Debug|Any CPU.Build.0 = Debug|Any CPU
		{FEDD3081-1BA3-45B6-9AD3-9F19F90EEA15}.Package|Any CPU.ActiveCfg = Package|Any CPU
		{FEDD3081-1BA3-45B6-9AD3-9F19F90EEA15}.Package|Any CPU.Build.0 = Package|Any CPU
		{FEDD3081-1BA3-45B6-9AD3-9F19F90EEA15}.Release|Any CPU.ActiveCfg = Release|Any CPU
		{FEDD3081-1BA3-45B6-9AD3-9F19F90EEA15}.Release|Any CPU.Build.0 = Release|Any CPU
		{01FA4E6E-158B-4660-B87E-CC374091D0B5}.Debug|Any CPU.ActiveCfg = Debug|Any CPU
		{01FA4E6E-158B-4660-B87E-CC374091D0B5}.Debug|Any CPU.Build.0 = Debug|Any CPU
		{01FA4E6E-158B-4660-B87E-CC374091D0B5}.Package|Any CPU.ActiveCfg = Package|Any CPU
		{01FA4E6E-158B-4660-B87E-CC374091D0B5}.Package|Any CPU.Build.0 = Package|Any CPU
		{01FA4E6E-158B-4660-B87E-CC374091D0B5}.Release|Any CPU.ActiveCfg = Release|Any CPU
		{01FA4E6E-158B-4660-B87E-CC374091D0B5}.Release|Any CPU.Build.0 = Release|Any CPU
		{13C067E5-0AFF-48FD-B93D-999712BF4E10}.Debug|Any CPU.ActiveCfg = Debug|Any CPU
		{13C067E5-0AFF-48FD-B93D-999712BF4E10}.Debug|Any CPU.Build.0 = Debug|Any CPU
		{13C067E5-0AFF-48FD-B93D-999712BF4E10}.Package|Any CPU.ActiveCfg = Package|Any CPU
		{13C067E5-0AFF-48FD-B93D-999712BF4E10}.Package|Any CPU.Build.0 = Package|Any CPU
		{13C067E5-0AFF-48FD-B93D-999712BF4E10}.Release|Any CPU.ActiveCfg = Release|Any CPU
		{13C067E5-0AFF-48FD-B93D-999712BF4E10}.Release|Any CPU.Build.0 = Release|Any CPU
		{C050676D-A2FF-4700-BDFF-F21413C51E5D}.Debug|Any CPU.ActiveCfg = Debug|Any CPU
		{C050676D-A2FF-4700-BDFF-F21413C51E5D}.Debug|Any CPU.Build.0 = Debug|Any CPU
		{C050676D-A2FF-4700-BDFF-F21413C51E5D}.Package|Any CPU.ActiveCfg = Package|Any CPU
		{C050676D-A2FF-4700-BDFF-F21413C51E5D}.Package|Any CPU.Build.0 = Package|Any CPU
		{C050676D-A2FF-4700-BDFF-F21413C51E5D}.Release|Any CPU.ActiveCfg = Release|Any CPU
		{C050676D-A2FF-4700-BDFF-F21413C51E5D}.Release|Any CPU.Build.0 = Release|Any CPU
		{307263FD-8FE0-438F-89FE-8B3D5A5E64A9}.Debug|Any CPU.ActiveCfg = Debug|Any CPU
		{307263FD-8FE0-438F-89FE-8B3D5A5E64A9}.Debug|Any CPU.Build.0 = Debug|Any CPU
		{307263FD-8FE0-438F-89FE-8B3D5A5E64A9}.Package|Any CPU.ActiveCfg = Package|Any CPU
		{307263FD-8FE0-438F-89FE-8B3D5A5E64A9}.Package|Any CPU.Build.0 = Package|Any CPU
		{307263FD-8FE0-438F-89FE-8B3D5A5E64A9}.Release|Any CPU.ActiveCfg = Release|Any CPU
		{307263FD-8FE0-438F-89FE-8B3D5A5E64A9}.Release|Any CPU.Build.0 = Release|Any CPU
		{99B6571E-65DD-4C76-B4C9-86B34E76FBD8}.Debug|Any CPU.ActiveCfg = Debug|Any CPU
		{99B6571E-65DD-4C76-B4C9-86B34E76FBD8}.Debug|Any CPU.Build.0 = Debug|Any CPU
		{99B6571E-65DD-4C76-B4C9-86B34E76FBD8}.Package|Any CPU.ActiveCfg = Package|Any CPU
		{99B6571E-65DD-4C76-B4C9-86B34E76FBD8}.Package|Any CPU.Build.0 = Package|Any CPU
		{99B6571E-65DD-4C76-B4C9-86B34E76FBD8}.Release|Any CPU.ActiveCfg = Release|Any CPU
		{99B6571E-65DD-4C76-B4C9-86B34E76FBD8}.Release|Any CPU.Build.0 = Release|Any CPU
		{5372DBE2-D735-4936-8AF2-0E38AE889ADF}.Debug|Any CPU.ActiveCfg = Debug|Any CPU
		{5372DBE2-D735-4936-8AF2-0E38AE889ADF}.Debug|Any CPU.Build.0 = Debug|Any CPU
		{5372DBE2-D735-4936-8AF2-0E38AE889ADF}.Package|Any CPU.ActiveCfg = Package|Any CPU
		{5372DBE2-D735-4936-8AF2-0E38AE889ADF}.Package|Any CPU.Build.0 = Package|Any CPU
		{5372DBE2-D735-4936-8AF2-0E38AE889ADF}.Release|Any CPU.ActiveCfg = Release|Any CPU
		{5372DBE2-D735-4936-8AF2-0E38AE889ADF}.Release|Any CPU.Build.0 = Release|Any CPU
		{5111AC44-73A2-4D46-8F05-5A0C0A632CED}.Debug|Any CPU.ActiveCfg = Debug|Any CPU
		{5111AC44-73A2-4D46-8F05-5A0C0A632CED}.Debug|Any CPU.Build.0 = Debug|Any CPU
		{5111AC44-73A2-4D46-8F05-5A0C0A632CED}.Package|Any CPU.ActiveCfg = Package|Any CPU
		{5111AC44-73A2-4D46-8F05-5A0C0A632CED}.Package|Any CPU.Build.0 = Package|Any CPU
		{5111AC44-73A2-4D46-8F05-5A0C0A632CED}.Release|Any CPU.ActiveCfg = Release|Any CPU
		{5111AC44-73A2-4D46-8F05-5A0C0A632CED}.Release|Any CPU.Build.0 = Release|Any CPU
		{899CC432-25D8-4D65-9D98-95D109300127}.Debug|Any CPU.ActiveCfg = Debug|Any CPU
		{899CC432-25D8-4D65-9D98-95D109300127}.Debug|Any CPU.Build.0 = Debug|Any CPU
		{899CC432-25D8-4D65-9D98-95D109300127}.Package|Any CPU.ActiveCfg = Release|Any CPU
		{899CC432-25D8-4D65-9D98-95D109300127}.Package|Any CPU.Build.0 = Release|Any CPU
		{899CC432-25D8-4D65-9D98-95D109300127}.Release|Any CPU.ActiveCfg = Release|Any CPU
		{899CC432-25D8-4D65-9D98-95D109300127}.Release|Any CPU.Build.0 = Release|Any CPU
		{003C6126-7BD3-436D-9C72-3D6325D97019}.Debug|Any CPU.ActiveCfg = Debug|Any CPU
		{003C6126-7BD3-436D-9C72-3D6325D97019}.Debug|Any CPU.Build.0 = Debug|Any CPU
		{003C6126-7BD3-436D-9C72-3D6325D97019}.Package|Any CPU.ActiveCfg = Release|Any CPU
		{003C6126-7BD3-436D-9C72-3D6325D97019}.Package|Any CPU.Build.0 = Release|Any CPU
		{003C6126-7BD3-436D-9C72-3D6325D97019}.Release|Any CPU.ActiveCfg = Release|Any CPU
		{003C6126-7BD3-436D-9C72-3D6325D97019}.Release|Any CPU.Build.0 = Release|Any CPU
	EndGlobalSection
	GlobalSection(SolutionProperties) = preSolution
		HideSolutionNode = FALSE
	EndGlobalSection
	GlobalSection(ExtensibilityGlobals) = postSolution
		EnterpriseLibraryConfigurationToolBinariesPathV6 = packages\EnterpriseLibrary.Common.6.0.1304.0\lib\NET45;packages\EnterpriseLibrary.Logging.6.0.1304.0\lib\NET45;packages\EnterpriseLibrary.Data.6.0.1304.0\lib\NET45;packages\EnterpriseLibrary.ExceptionHandling.6.0.1304.0\lib\NET45
		SolutionGuid = {4843DD94-3470-460A-8585-A67F64110EE5}
	EndGlobalSection
EndGlobal
